
Microsoft Visual Studio Solution File, Format Version 11.00
# Visual Studio 2010
Project("{FAE04EC0-301F-11D3-BF4B-00C04F79EFBC}") = "Assembly-CSharp-firstpass", "Assembly-CSharp-firstpass.csproj", "{ac3f1602-1736-a38d-9747-a05bfaae6589}"
EndProject
Project("{FAE04EC0-301F-11D3-BF4B-00C04F79EFBC}") = "Assembly-CSharp", "Assembly-CSharp.csproj", "{d1c90cbb-21b1-7fd3-627c-de1323534f9e}"
EndProject
Global
	GlobalSection(SolutionConfigurationPlatforms) = preSolution
		Debug|Any CPU = Debug|Any CPU
		Release|Any CPU = Release|Any CPU
	EndGlobalSection
	GlobalSection(ProjectConfigurationPlatforms) = postSolution
		{ac3f1602-1736-a38d-9747-a05bfaae6589}.Debug|Any CPU.ActiveCfg = Debug|Any CPU
		{ac3f1602-1736-a38d-9747-a05bfaae6589}.Debug|Any CPU.Build.0 = Debug|Any CPU
		{ac3f1602-1736-a38d-9747-a05bfaae6589}.Release|Any CPU.ActiveCfg = Release|Any CPU
		{ac3f1602-1736-a38d-9747-a05bfaae6589}.Release|Any CPU.Build.0 = Release|Any CPU
		{d1c90cbb-21b1-7fd3-627c-de1323534f9e}.Debug|Any CPU.ActiveCfg = Debug|Any CPU
		{d1c90cbb-21b1-7fd3-627c-de1323534f9e}.Debug|Any CPU.Build.0 = Debug|Any CPU
		{d1c90cbb-21b1-7fd3-627c-de1323534f9e}.Release|Any CPU.ActiveCfg = Release|Any CPU
		{d1c90cbb-21b1-7fd3-627c-de1323534f9e}.Release|Any CPU.Build.0 = Release|Any CPU
	EndGlobalSection
	GlobalSection(SolutionProperties) = preSolution
		HideSolutionNode = FALSE
	EndGlobalSection
EndGlobal
